
Microsoft Visual Studio Solution File, Format Version 12.00
# Visual Studio Version 16
VisualStudioVersion = 16.0.31112.23
MinimumVisualStudioVersion = 10.0.40219.1
Project("{FAE04EC0-301F-11D3-BF4B-00C04F79EFBC}") = "online_education_site", "online_education_site.csproj", "{225E5F41-51CB-445D-B70C-4357D42943F8}"
EndProject
Global
	GlobalSection(SolutionConfigurationPlatforms) = preSolution
		Debug|Any CPU = Debug|Any CPU
		Release|Any CPU = Release|Any CPU
	EndGlobalSection
	GlobalSection(ProjectConfigurationPlatforms) = postSolution
		{225E5F41-51CB-445D-B70C-4357D42943F8}.Debug|Any CPU.ActiveCfg = Debug|Any CPU
		{225E5F41-51CB-445D-B70C-4357D42943F8}.Debug|Any CPU.Build.0 = Debug|Any CPU
		{225E5F41-51CB-445D-B70C-4357D42943F8}.Release|Any CPU.ActiveCfg = Release|Any CPU
		{225E5F41-51CB-445D-B70C-4357D42943F8}.Release|Any CPU.Build.0 = Release|Any CPU
	EndGlobalSection
	GlobalSection(SolutionProperties) = preSolution
		HideSolutionNode = FALSE
	EndGlobalSection
	GlobalSection(ExtensibilityGlobals) = postSolution
		SolutionGuid = {EBD33026-B6A1-4CD2-A7A2-67DC7D11815B}
	EndGlobalSection
EndGlobal
